
Microsoft Visual Studio Solution File, Format Version 12.00
# Visual Studio Version 16
VisualStudioVersion = 16.0.35130.168
MinimumVisualStudioVersion = 10.0.40219.1
Project("{FAE04EC0-301F-11D3-BF4B-00C04F79EFBC}") = "HuffnPuff", "HuffnPuff\HuffnPuff\HuffnPuff.csproj", "{9025FF32-DC6F-47E0-8DB6-0ACCEE2C18AF}"
EndProject
Project("{96E2B04D-8817-42C6-938A-82C39BA4D311}") = "HuffnPuffContent", "HuffnPuff\HuffnPuffContent\HuffnPuffContent.contentproj", "{3777EFA0-D858-4987-8053-53A2FA74D9BB}"
EndProject
Global
	GlobalSection(SolutionConfigurationPlatforms) = preSolution
		Debug|x86 = Debug|x86
		Release|x86 = Release|x86
	EndGlobalSection
	GlobalSection(ProjectConfigurationPlatforms) = postSolution
		{9025FF32-DC6F-47E0-8DB6-0ACCEE2C18AF}.Debug|x86.ActiveCfg = Debug|x86
		{9025FF32-DC6F-47E0-8DB6-0ACCEE2C18AF}.Debug|x86.Build.0 = Debug|x86
		{9025FF32-DC6F-47E0-8DB6-0ACCEE2C18AF}.Release|x86.ActiveCfg = Release|x86
		{9025FF32-DC6F-47E0-8DB6-0ACCEE2C18AF}.Release|x86.Build.0 = Release|x86
		{3777EFA0-D858-4987-8053-53A2FA74D9BB}.Debug|x86.ActiveCfg = Debug|x86
		{3777EFA0-D858-4987-8053-53A2FA74D9BB}.Release|x86.ActiveCfg = Release|x86
	EndGlobalSection
	GlobalSection(SolutionProperties) = preSolution
		HideSolutionNode = FALSE
	EndGlobalSection
	GlobalSection(ExtensibilityGlobals) = postSolution
		SolutionGuid = {33688AB3-EF4C-4C2B-A411-2B0DC9DCA575}
	EndGlobalSection
EndGlobal
