
Microsoft Visual Studio Solution File, Format Version 12.00
# Visual Studio Version 16
VisualStudioVersion = 16.0.35130.168
MinimumVisualStudioVersion = 10.0.40219.1
Project("{FAE04EC0-301F-11D3-BF4B-00C04F79EFBC}") = "RocketMan", "RocketMan\RocketMan\RocketMan.csproj", "{3AC481BF-CC2D-4E8B-A97B-6A8F343173D6}"
EndProject
Project("{96E2B04D-8817-42C6-938A-82C39BA4D311}") = "RocketManContent", "RocketMan\RocketManContent\RocketManContent.contentproj", "{8A204C09-1F8B-4FE4-B7D7-473331EA857B}"
EndProject
Global
	GlobalSection(SolutionConfigurationPlatforms) = preSolution
		Debug|x86 = Debug|x86
		Release|x86 = Release|x86
	EndGlobalSection
	GlobalSection(ProjectConfigurationPlatforms) = postSolution
		{3AC481BF-CC2D-4E8B-A97B-6A8F343173D6}.Debug|x86.ActiveCfg = Debug|x86
		{3AC481BF-CC2D-4E8B-A97B-6A8F343173D6}.Debug|x86.Build.0 = Debug|x86
		{3AC481BF-CC2D-4E8B-A97B-6A8F343173D6}.Release|x86.ActiveCfg = Release|x86
		{3AC481BF-CC2D-4E8B-A97B-6A8F343173D6}.Release|x86.Build.0 = Release|x86
		{8A204C09-1F8B-4FE4-B7D7-473331EA857B}.Debug|x86.ActiveCfg = Debug|x86
		{8A204C09-1F8B-4FE4-B7D7-473331EA857B}.Release|x86.ActiveCfg = Release|x86
	EndGlobalSection
	GlobalSection(SolutionProperties) = preSolution
		HideSolutionNode = FALSE
	EndGlobalSection
	GlobalSection(ExtensibilityGlobals) = postSolution
		SolutionGuid = {746A7037-BA3D-414E-9999-F747B21F22AC}
	EndGlobalSection
EndGlobal
